
Microsoft Visual Studio Solution File, Format Version 12.00
# Visual Studio Version 16
VisualStudioVersion = 16.0.31515.178
MinimumVisualStudioVersion = 10.0.40219.1
Project("{FAE04EC0-301F-11D3-BF4B-00C04F79EFBC}") = "DataAnnotation", "DataAnnotation.csproj", "{CCADD916-B695-4F83-BD83-82C591BB8AF3}"
EndProject
Global
	GlobalSection(SolutionConfigurationPlatforms) = preSolution
		Debug|Any CPU = Debug|Any CPU
		Release|Any CPU = Release|Any CPU
	EndGlobalSection
	GlobalSection(ProjectConfigurationPlatforms) = postSolution
		{CCADD916-B695-4F83-BD83-82C591BB8AF3}.Debug|Any CPU.ActiveCfg = Debug|Any CPU
		{CCADD916-B695-4F83-BD83-82C591BB8AF3}.Debug|Any CPU.Build.0 = Debug|Any CPU
		{CCADD916-B695-4F83-BD83-82C591BB8AF3}.Release|Any CPU.ActiveCfg = Release|Any CPU
		{CCADD916-B695-4F83-BD83-82C591BB8AF3}.Release|Any CPU.Build.0 = Release|Any CPU
	EndGlobalSection
	GlobalSection(SolutionProperties) = preSolution
		HideSolutionNode = FALSE
	EndGlobalSection
	GlobalSection(ExtensibilityGlobals) = postSolution
		SolutionGuid = {89489A8C-2174-465D-B0D3-9C95CC473D59}
	EndGlobalSection
EndGlobal
